
Microsoft Visual Studio Solution File, Format Version 12.00
# Visual Studio 15
VisualStudioVersion = 15.0.27004.2010
MinimumVisualStudioVersion = 10.0.40219.1
Project("{8BC9CEB8-8B4A-11D0-8D11-00A0C91BC942}") = "ThorlabsImager", "ThorlabsImagerDll\ThorlabsImagerDll.vcxproj", "{D10AC271-7A7C-4CE6-ABF4-BA2A1D54B2A4}"
EndProject
Project("{FAE04EC0-301F-11D3-BF4B-00C04F79EFBC}") = "ThorlabsImagerNET", "ThorlabsImagerNET\ThorlabsImagerNET.csproj", "{301E507B-CABF-459B-BE5B-24E2CE52C22D}"
EndProject
Project("{FAE04EC0-301F-11D3-BF4B-00C04F79EFBC}") = "DemoNet", "DemoNet\DemoNet.csproj", "{C8AF7440-893B-4EBA-933D-0E5226A58B54}"
	ProjectSection(ProjectDependencies) = postProject
		{D10AC271-7A7C-4CE6-ABF4-BA2A1D54B2A4} = {D10AC271-7A7C-4CE6-ABF4-BA2A1D54B2A4}
	EndProjectSection
EndProject
Global
	GlobalSection(SolutionConfigurationPlatforms) = preSolution
		Release|x64 = Release|x64
	EndGlobalSection
	GlobalSection(ProjectConfigurationPlatforms) = postSolution
		{D10AC271-7A7C-4CE6-ABF4-BA2A1D54B2A4}.Release|x64.ActiveCfg = Release|x64
		{D10AC271-7A7C-4CE6-ABF4-BA2A1D54B2A4}.Release|x64.Build.0 = Release|x64
		{301E507B-CABF-459B-BE5B-24E2CE52C22D}.Release|x64.ActiveCfg = Release|Any CPU
		{301E507B-CABF-459B-BE5B-24E2CE52C22D}.Release|x64.Build.0 = Release|Any CPU
		{C8AF7440-893B-4EBA-933D-0E5226A58B54}.Release|x64.ActiveCfg = Release|Any CPU
		{C8AF7440-893B-4EBA-933D-0E5226A58B54}.Release|x64.Build.0 = Release|Any CPU
	EndGlobalSection
	GlobalSection(SolutionProperties) = preSolution
		HideSolutionNode = FALSE
	EndGlobalSection
	GlobalSection(ExtensibilityGlobals) = postSolution
		SolutionGuid = {BB382F73-573D-4F13-9CF5-667AF5BC0B75}
	EndGlobalSection
EndGlobal
